// !$*UTF8*$!
{
	archiveVersion = 1;
	classes = {
	};
	objectVersion = 56;
	objects = {

/* Begin PBXBuildFile section */
		5E8268D12A267D09008E3AAE /* BanKappApp.swift in Sources */ = {isa = PBXBuildFile; fileRef = 5E8268D02A267D09008E3AAE /* BanKappApp.swift */; };
		5E8268D32A267D09008E3AAE /* ContentView.swift in Sources */ = {isa = PBXBuildFile; fileRef = 5E8268D22A267D09008E3AAE /* ContentView.swift */; };
		5E8268D52A267D0B008E3AAE /* Assets.xcassets in Resources */ = {isa = PBXBuildFile; fileRef = 5E8268D42A267D0B008E3AAE /* Assets.xcassets */; };
		5E8268D82A267D0B008E3AAE /* Preview Assets.xcassets in Resources */ = {isa = PBXBuildFile; fileRef = 5E8268D72A267D0B008E3AAE /* Preview Assets.xcassets */; };
		5E8268E12A267D48008E3AAE /* ImageLoader.swift in Sources */ = {isa = PBXBuildFile; fileRef = 5E8268DF2A267D48008E3AAE /* ImageLoader.swift */; };
		5E8268E22A267D48008E3AAE /* NetworkRequest.swift in Sources */ = {isa = PBXBuildFile; fileRef = 5E8268E02A267D48008E3AAE /* NetworkRequest.swift */; };
		5E8268E52A267D52008E3AAE /* BankResponse.swift in Sources */ = {isa = PBXBuildFile; fileRef = 5E8268E42A267D52008E3AAE /* BankResponse.swift */; };
		5E8268E72A267D5D008E3AAE /* Text.swift in Sources */ = {isa = PBXBuildFile; fileRef = 5E8268E62A267D5D008E3AAE /* Text.swift */; };
/* End PBXBuildFile section */

/* Begin PBXFileReference section */
		5E8268CD2A267D09008E3AAE /* BanKapp.app */ = {isa = PBXFileReference; explicitFileType = wrapper.application; includeInIndex = 0; path = BanKapp.app; sourceTree = BUILT_PRODUCTS_DIR; };
		5E8268D02A267D09008E3AAE /* BanKappApp.swift */ = {isa = PBXFileReference; lastKnownFileType = sourcecode.swift; path = BanKappApp.swift; sourceTree = "<group>"; };
		5E8268D22A267D09008E3AAE /* ContentView.swift */ = {isa = PBXFileReference; lastKnownFileType = sourcecode.swift; path = ContentView.swift; sourceTree = "<group>"; };
		5E8268D42A267D0B008E3AAE /* Assets.xcassets */ = {isa = PBXFileReference; lastKnownFileType = folder.assetcatalog; path = Assets.xcassets; sourceTree = "<group>"; };
		5E8268D72A267D0B008E3AAE /* Preview Assets.xcassets */ = {isa = PBXFileReference; lastKnownFileType = folder.assetcatalog; path = "Preview Assets.xcassets"; sourceTree = "<group>"; };
		5E8268DF2A267D48008E3AAE /* ImageLoader.swift */ = {isa = PBXFileReference; fileEncoding = 4; lastKnownFileType = sourcecode.swift; path = ImageLoader.swift; sourceTree = "<group>"; };
		5E8268E02A267D48008E3AAE /* NetworkRequest.swift */ = {isa = PBXFileReference; fileEncoding = 4; lastKnownFileType = sourcecode.swift; path = NetworkRequest.swift; sourceTree = "<group>"; };
		5E8268E42A267D52008E3AAE /* BankResponse.swift */ = {isa = PBXFileReference; fileEncoding = 4; lastKnownFileType = sourcecode.swift; path = BankResponse.swift; sourceTree = "<group>"; };
		5E8268E62A267D5D008E3AAE /* Text.swift */ = {isa = PBXFileReference; fileEncoding = 4; lastKnownFileType = sourcecode.swift; name = Text.swift; path = "../../User Bank Test/Text.swift"; sourceTree = "<group>"; };
/* End PBXFileReference section */

/* Begin PBXFrameworksBuildPhase section */
		5E8268CA2A267D09008E3AAE /* Frameworks */ = {
			isa = PBXFrameworksBuildPhase;
			buildActionMask = 2147483647;
			files = (
			);
			runOnlyForDeploymentPostprocessing = 0;
		};
/* End PBXFrameworksBuildPhase section */

/* Begin PBXGroup section */
		5E8268C42A267D09008E3AAE = {
			isa = PBXGroup;
			children = (
				5E8268CF2A267D09008E3AAE /* BanKapp */,
				5E8268CE2A267D09008E3AAE /* Products */,
			);
			sourceTree = "<group>";
		};
		5E8268CE2A267D09008E3AAE /* Products */ = {
			isa = PBXGroup;
			children = (
				5E8268CD2A267D09008E3AAE /* BanKapp.app */,
			);
			name = Products;
			sourceTree = "<group>";
		};
		5E8268CF2A267D09008E3AAE /* BanKapp */ = {
			isa = PBXGroup;
			children = (
				5E8268D02A267D09008E3AAE /* BanKappApp.swift */,
				5E8268D22A267D09008E3AAE /* ContentView.swift */,
				5E8268E32A267D52008E3AAE /* Models */,
				5E8268DE2A267D48008E3AAE /* Network */,
				5E8268D42A267D0B008E3AAE /* Assets.xcassets */,
				5E8268E62A267D5D008E3AAE /* Text.swift */,
				5E8268D62A267D0B008E3AAE /* Preview Content */,
			);
			path = BanKapp;
			sourceTree = "<group>";
		};
		5E8268D62A267D0B008E3AAE /* Preview Content */ = {
			isa = PBXGroup;
			children = (
				5E8268D72A267D0B008E3AAE /* Preview Assets.xcassets */,
			);
			path = "Preview Content";
			sourceTree = "<group>";
		};
		5E8268DE2A267D48008E3AAE /* Network */ = {
			isa = PBXGroup;
			children = (
				5E8268DF2A267D48008E3AAE /* ImageLoader.swift */,
				5E8268E02A267D48008E3AAE /* NetworkRequest.swift */,
			);
			name = Network;
			path = "../../User Bank Test/Network";
			sourceTree = "<group>";
		};
		5E8268E32A267D52008E3AAE /* Models */ = {
			isa = PBXGroup;
			children = (
				5E8268E42A267D52008E3AAE /* BankResponse.swift */,
			);
			name = Models;
			path = "../../User Bank Test/Models";
			sourceTree = "<group>";
		};
/* End PBXGroup section */

/* Begin PBXNativeTarget section */
		5E8268CC2A267D09008E3AAE /* BanKapp */ = {
			isa = PBXNativeTarget;
			buildConfigurationList = 5E8268DB2A267D0B008E3AAE /* Build configuration list for PBXNativeTarget "BanKapp" */;
			buildPhases = (
				5E8268C92A267D09008E3AAE /* Sources */,
				5E8268CA2A267D09008E3AAE /* Frameworks */,
				5E8268CB2A267D09008E3AAE /* Resources */,
			);
			buildRules = (
			);
			dependencies = (
			);
			name = BanKapp;
			productName = BanKapp;
			productReference = 5E8268CD2A267D09008E3AAE /* BanKapp.app */;
			productType = "com.apple.product-type.application";
		};
/* End PBXNativeTarget section */

/* Begin PBXProject section */
		5E8268C52A267D09008E3AAE /* Project object */ = {
			isa = PBXProject;
			attributes = {
				BuildIndependentTargetsInParallel = 1;
				LastSwiftUpdateCheck = 1420;
				LastUpgradeCheck = 1420;
				TargetAttributes = {
					5E8268CC2A267D09008E3AAE = {
						CreatedOnToolsVersion = 14.2;
					};
				};
			};
			buildConfigurationList = 5E8268C82A267D09008E3AAE /* Build configuration list for PBXProject "BanKapp" */;
			compatibilityVersion = "Xcode 14.0";
			developmentRegion = en;
			hasScannedForEncodings = 0;
			knownRegions = (
				en,
				Base,
			);
			mainGroup = 5E8268C42A267D09008E3AAE;
			productRefGroup = 5E8268CE2A267D09008E3AAE /* Products */;
			projectDirPath = "";
			projectRoot = "";
			targets = (
				5E8268CC2A267D09008E3AAE /* BanKapp */,
			);
		};
/* End PBXProject section */

/* Begin PBXResourcesBuildPhase section */
		5E8268CB2A267D09008E3AAE /* Resources */ = {
			isa = PBXResourcesBuildPhase;
			buildActionMask = 2147483647;
			files = (
				5E8268D82A267D0B008E3AAE /* Preview Assets.xcassets in Resources */,
				5E8268D52A267D0B008E3AAE /* Assets.xcassets in Resources */,
			);
			runOnlyForDeploymentPostprocessing = 0;
		};
/* End PBXResourcesBuildPhase section */

/* Begin PBXSourcesBuildPhase section */
		5E8268C92A267D09008E3AAE /* Sources */ = {
			isa = PBXSourcesBuildPhase;
			buildActionMask = 2147483647;
			files = (
				5E8268D32A267D09008E3AAE /* ContentView.swift in Sources */,
				5E8268E52A267D52008E3AAE /* BankResponse.swift in Sources */,
				5E8268D12A267D09008E3AAE /* BanKappApp.swift in Sources */,
				5E8268E22A267D48008E3AAE /* NetworkRequest.swift in Sources */,
				5E8268E72A267D5D008E3AAE /* Text.swift in Sources */,
				5E8268E12A267D48008E3AAE /* ImageLoader.swift in Sources */,
			);
			runOnlyForDeploymentPostprocessing = 0;
		};
/* End PBXSourcesBuildPhase section */

/* Begin XCBuildConfiguration section */
		5E8268D92A267D0B008E3AAE /* Debug */ = {
			isa = XCBuildConfiguration;
			buildSettings = {
				ALWAYS_SEARCH_USER_PATHS = NO;
				CLANG_ANALYZER_NONNULL = YES;
				CLANG_ANALYZER_NUMBER_OBJECT_CONVERSION = YES_AGGRESSIVE;
				CLANG_CXX_LANGUAGE_STANDARD = "gnu++20";
				CLANG_ENABLE_MODULES = YES;
				CLANG_ENABLE_OBJC_ARC = YES;
				CLANG_ENABLE_OBJC_WEAK = YES;
				CLANG_WARN_BLOCK_CAPTURE_AUTORELEASING = YES;
				CLANG_WARN_BOOL_CONVERSION = YES;
				CLANG_WARN_COMMA = YES;
				CLANG_WARN_CONSTANT_CONVERSION = YES;
				CLANG_WARN_DEPRECATED_OBJC_IMPLEMENTATIONS = YES;
				CLANG_WARN_DIRECT_OBJC_ISA_USAGE = YES_ERROR;
				CLANG_WARN_DOCUMENTATION_COMMENTS = YES;
				CLANG_WARN_EMPTY_BODY = YES;
				CLANG_WARN_ENUM_CONVERSION = YES;
				CLANG_WARN_INFINITE_RECURSION = YES;
				CLANG_WARN_INT_CONVERSION = YES;
				CLANG_WARN_NON_LITERAL_NULL_CONVERSION = YES;
				CLANG_WARN_OBJC_IMPLICIT_RETAIN_SELF = YES;
				CLANG_WARN_OBJC_LITERAL_CONVERSION = YES;
				CLANG_WARN_OBJC_ROOT_CLASS = YES_ERROR;
				CLANG_WARN_QUOTED_INCLUDE_IN_FRAMEWORK_HEADER = YES;
				CLANG_WARN_RANGE_LOOP_ANALYSIS = YES;
				CLANG_WARN_STRICT_PROTOTYPES = YES;
				CLANG_WARN_SUSPICIOUS_MOVE = YES;
				CLANG_WARN_UNGUARDED_AVAILABILITY = YES_AGGRESSIVE;
				CLANG_WARN_UNREACHABLE_CODE = YES;
				CLANG_WARN__DUPLICATE_METHOD_MATCH = YES;
				COPY_PHASE_STRIP = NO;
				DEBUG_INFORMATION_FORMAT = dwarf;
				ENABLE_STRICT_OBJC_MSGSEND = YES;
				ENABLE_TESTABILITY = YES;
				GCC_C_LANGUAGE_STANDARD = gnu11;
				GCC_DYNAMIC_NO_PIC = NO;
				GCC_NO_COMMON_BLOCKS = YES;
				GCC_OPTIMIZATION_LEVEL = 0;
				GCC_PREPROCESSOR_DEFINITIONS = (
					"DEBUG=1",
					"$(inherited)",
				);
				GCC_WARN_64_TO_32_BIT_CONVERSION = YES;
				GCC_WARN_ABOUT_RETURN_TYPE = YES_ERROR;
				GCC_WARN_UNDECLARED_SELECTOR = YES;
				GCC_WARN_UNINITIALIZED_AUTOS = YES_AGGRESSIVE;
				GCC_WARN_UNUSED_FUNCTION = YES;
				GCC_WARN_UNUSED_VARIABLE = YES;
				IPHONEOS_DEPLOYMENT_TARGET = 16.2;
				MTL_ENABLE_DEBUG_INFO = INCLUDE_SOURCE;
				MTL_FAST_MATH = YES;
				ONLY_ACTIVE_ARCH = YES;
				SDKROOT = iphoneos;
				SWIFT_ACTIVE_COMPILATION_CONDITIONS = DEBUG;
				SWIFT_OPTIMIZATION_LEVEL = "-Onone";
			};
			name = Debug;
		};
		5E8268DA2A267D0B008E3AAE /* Release */ = {
			isa = XCBuildConfiguration;
			buildSettings = {
				ALWAYS_SEARCH_USER_PATHS = NO;
				CLANG_ANALYZER_NONNULL = YES;
				CLANG_ANALYZER_NUMBER_OBJECT_CONVERSION = YES_AGGRESSIVE;
				CLANG_CXX_LANGUAGE_STANDARD = "gnu++20";
				CLANG_ENABLE_MODULES = YES;
				CLANG_ENABLE_OBJC_ARC = YES;
				CLANG_ENABLE_OBJC_WEAK = YES;
				CLANG_WARN_BLOCK_CAPTURE_AUTORELEASING = YES;
				CLANG_WARN_BOOL_CONVERSION = YES;
				CLANG_WARN_COMMA = YES;
				CLANG_WARN_CONSTANT_CONVERSION = YES;
				CLANG_WARN_DEPRECATED_OBJC_IMPLEMENTATIONS = YES;
				CLANG_WARN_DIRECT_OBJC_ISA_USAGE = YES_ERROR;
				CLANG_WARN_DOCUMENTATION_COMMENTS = YES;
				CLANG_WARN_EMPTY_BODY = YES;
				CLANG_WARN_ENUM_CONVERSION = YES;
				CLANG_WARN_INFINITE_RECURSION = YES;
				CLANG_WARN_INT_CONVERSION = YES;
				CLANG_WARN_NON_LITERAL_NULL_CONVERSION = YES;
				CLANG_WARN_OBJC_IMPLICIT_RETAIN_SELF = YES;
				CLANG_WARN_OBJC_LITERAL_CONVERSION = YES;
				CLANG_WARN_OBJC_ROOT_CLASS = YES_ERROR;
				CLANG_WARN_QUOTED_INCLUDE_IN_FRAMEWORK_HEADER = YES;
				CLANG_WARN_RANGE_LOOP_ANALYSIS = YES;
				CLANG_WARN_STRICT_PROTOTYPES = YES;
				CLANG_WARN_SUSPICIOUS_MOVE = YES;
				CLANG_WARN_UNGUARDED_AVAILABILITY = YES_AGGRESSIVE;
				CLANG_WARN_UNREACHABLE_CODE = YES;
				CLANG_WARN__DUPLICATE_METHOD_MATCH = YES;
				COPY_PHASE_STRIP = NO;
				DEBUG_INFORMATION_FORMAT = "dwarf-with-dsym";
				ENABLE_NS_ASSERTIONS = NO;
				ENABLE_STRICT_OBJC_MSGSEND = YES;
				GCC_C_LANGUAGE_STANDARD = gnu11;
				GCC_NO_COMMON_BLOCKS = YES;
				GCC_WARN_64_TO_32_BIT_CONVERSION = YES;
				GCC_WARN_ABOUT_RETURN_TYPE = YES_ERROR;
				GCC_WARN_UNDECLARED_SELECTOR = YES;
				GCC_WARN_UNINITIALIZED_AUTOS = YES_AGGRESSIVE;
				GCC_WARN_UNUSED_FUNCTION = YES;
				GCC_WARN_UNUSED_VARIABLE = YES;
				IPHONEOS_DEPLOYMENT_TARGET = 16.2;
				MTL_ENABLE_DEBUG_INFO = NO;
				MTL_FAST_MATH = YES;
				SDKROOT = iphoneos;
				SWIFT_COMPILATION_MODE = wholemodule;
				SWIFT_OPTIMIZATION_LEVEL = "-O";
				VALIDATE_PRODUCT = YES;
			};
			name = Release;
		};
		5E8268DC2A267D0B008E3AAE /* Debug */ = {
			isa = XCBuildConfiguration;
			buildSettings = {
				ASSETCATALOG_COMPILER_APPICON_NAME = AppIcon;
				ASSETCATALOG_COMPILER_GLOBAL_ACCENT_COLOR_NAME = AccentColor;
				CODE_SIGN_STYLE = Automatic;
				CURRENT_PROJECT_VERSION = 1;
				DEVELOPMENT_ASSET_PATHS = "\"BanKapp/Preview Content\"";
				DEVELOPMENT_TEAM = 4Y3TVVJHGW;
				ENABLE_PREVIEWS = YES;
				GENERATE_INFOPLIST_FILE = YES;
				INFOPLIST_KEY_UIApplicationSceneManifest_Generation = YES;
				INFOPLIST_KEY_UIApplicationSupportsIndirectInputEvents = YES;
				INFOPLIST_KEY_UILaunchScreen_Generation = YES;
				INFOPLIST_KEY_UISupportedInterfaceOrientations_iPad = "UIInterfaceOrientationPortrait UIInterfaceOrientationPortraitUpsideDown UIInterfaceOrientationLandscapeLeft UIInterfaceOrientationLandscapeRight";
				INFOPLIST_KEY_UISupportedInterfaceOrientations_iPhone = "UIInterfaceOrientationPortrait UIInterfaceOrientationLandscapeLeft UIInterfaceOrientationLandscapeRight";
				LD_RUNPATH_SEARCH_PATHS = (
					"$(inherited)",
					"@executable_path/Frameworks",
				);
				MARKETING_VERSION = 1.0;
				PRODUCT_BUNDLE_IDENTIFIER = alex.com.BanKapp;
				PRODUCT_NAME = "$(TARGET_NAME)";
				SWIFT_EMIT_LOC_STRINGS = YES;
				SWIFT_VERSION = 5.0;
				TARGETED_DEVICE_FAMILY = "1,2";
			};
			name = Debug;
		};
		5E8268DD2A267D0B008E3AAE /* Release */ = {
			isa = XCBuildConfiguration;
			buildSettings = {
				ASSETCATALOG_COMPILER_APPICON_NAME = AppIcon;
				ASSETCATALOG_COMPILER_GLOBAL_ACCENT_COLOR_NAME = AccentColor;
				CODE_SIGN_STYLE = Automatic;
				CURRENT_PROJECT_VERSION = 1;
				DEVELOPMENT_ASSET_PATHS = "\"BanKapp/Preview Content\"";
				DEVELOPMENT_TEAM = 4Y3TVVJHGW;
				ENABLE_PREVIEWS = YES;
				GENERATE_INFOPLIST_FILE = YES;
				INFOPLIST_KEY_UIApplicationSceneManifest_Generation = YES;
				INFOPLIST_KEY_UIApplicationSupportsIndirectInputEvents = YES;
				INFOPLIST_KEY_UILaunchScreen_Generation = YES;
				INFOPLIST_KEY_UISupportedInterfaceOrientations_iPad = "UIInterfaceOrientationPortrait UIInterfaceOrientationPortraitUpsideDown UIInterfaceOrientationLandscapeLeft UIInterfaceOrientationLandscapeRight";
				INFOPLIST_KEY_UISupportedInterfaceOrientations_iPhone = "UIInterfaceOrientationPortrait UIInterfaceOrientationLandscapeLeft UIInterfaceOrientationLandscapeRight";
				LD_RUNPATH_SEARCH_PATHS = (
					"$(inherited)",
					"@executable_path/Frameworks",
				);
				MARKETING_VERSION = 1.0;
				PRODUCT_BUNDLE_IDENTIFIER = alex.com.BanKapp;
				PRODUCT_NAME = "$(TARGET_NAME)";
				SWIFT_EMIT_LOC_STRINGS = YES;
				SWIFT_VERSION = 5.0;
				TARGETED_DEVICE_FAMILY = "1,2";
			};
			name = Release;
		};
/* End XCBuildConfiguration section */

/* Begin XCConfigurationList section */
		5E8268C82A267D09008E3AAE /* Build configuration list for PBXProject "BanKapp" */ = {
			isa = XCConfigurationList;
			buildConfigurations = (
				5E8268D92A267D0B008E3AAE /* Debug */,
				5E8268DA2A267D0B008E3AAE /* Release */,
			);
			defaultConfigurationIsVisible = 0;
			defaultConfigurationName = Release;
		};
		5E8268DB2A267D0B008E3AAE /* Build configuration list for PBXNativeTarget "BanKapp" */ = {
			isa = XCConfigurationList;
			buildConfigurations = (
				5E8268DC2A267D0B008E3AAE /* Debug */,
				5E8268DD2A267D0B008E3AAE /* Release */,
			);
			defaultConfigurationIsVisible = 0;
			defaultConfigurationName = Release;
		};
/* End XCConfigurationList section */
	};
	rootObject = 5E8268C52A267D09008E3AAE /* Project object */;
}
